
Microsoft Visual Studio Solution File, Format Version 12.00
# Visual Studio 2012
Project("{FAE04EC0-301F-11D3-BF4B-00C04F79EFBC}") = "Limbus.Mosquito", "Limbus.Mosquito\Limbus.Mosquito.csproj", "{D53593EE-783C-46D3-8B04-BF4DDB3F7A22}"
EndProject
Project("{FAE04EC0-301F-11D3-BF4B-00C04F79EFBC}") = "Limbus.Control", "Limbus.Control\Limbus.Control.csproj", "{DE7F7ED1-59E3-4FED-95C4-0949AE702105}"
EndProject
Project("{FAE04EC0-301F-11D3-BF4B-00C04F79EFBC}") = "Limbus.Clockwork", "Limbus.Clockwork\Limbus.Clockwork.csproj", "{1569C6B4-71B2-4AD2-8879-545CFE7B1C7A}"
EndProject
Project("{FAE04EC0-301F-11D3-BF4B-00C04F79EFBC}") = "Limbus.Plot", "Limbus.Plot\Limbus.Plot.csproj", "{132F6813-4862-45A8-800C-A6CA561CA3EB}"
EndProject
Project("{FAE04EC0-301F-11D3-BF4B-00C04F79EFBC}") = "Limbus.Mosquito.Test", "Limbus.Mosquito.Test\Limbus.Mosquito.Test.csproj", "{CD89C797-9C82-40FE-9408-272E38FCB393}"
EndProject
Global
	GlobalSection(SolutionConfigurationPlatforms) = preSolution
		Debug|x86 = Debug|x86
		Release|x86 = Release|x86
	EndGlobalSection
	GlobalSection(ProjectConfigurationPlatforms) = postSolution
		{132F6813-4862-45A8-800C-A6CA561CA3EB}.Debug|x86.ActiveCfg = Debug|Any CPU
		{132F6813-4862-45A8-800C-A6CA561CA3EB}.Debug|x86.Build.0 = Debug|Any CPU
		{132F6813-4862-45A8-800C-A6CA561CA3EB}.Release|x86.ActiveCfg = Release|Any CPU
		{132F6813-4862-45A8-800C-A6CA561CA3EB}.Release|x86.Build.0 = Release|Any CPU
		{1569C6B4-71B2-4AD2-8879-545CFE7B1C7A}.Debug|x86.ActiveCfg = Debug|Any CPU
		{1569C6B4-71B2-4AD2-8879-545CFE7B1C7A}.Debug|x86.Build.0 = Debug|Any CPU
		{1569C6B4-71B2-4AD2-8879-545CFE7B1C7A}.Release|x86.ActiveCfg = Release|Any CPU
		{1569C6B4-71B2-4AD2-8879-545CFE7B1C7A}.Release|x86.Build.0 = Release|Any CPU
		{CD89C797-9C82-40FE-9408-272E38FCB393}.Debug|x86.ActiveCfg = Debug|Any CPU
		{CD89C797-9C82-40FE-9408-272E38FCB393}.Debug|x86.Build.0 = Debug|Any CPU
		{CD89C797-9C82-40FE-9408-272E38FCB393}.Release|x86.ActiveCfg = Release|Any CPU
		{CD89C797-9C82-40FE-9408-272E38FCB393}.Release|x86.Build.0 = Release|Any CPU
		{D53593EE-783C-46D3-8B04-BF4DDB3F7A22}.Debug|x86.ActiveCfg = Debug|Any CPU
		{D53593EE-783C-46D3-8B04-BF4DDB3F7A22}.Debug|x86.Build.0 = Debug|Any CPU
		{D53593EE-783C-46D3-8B04-BF4DDB3F7A22}.Release|x86.ActiveCfg = Release|Any CPU
		{D53593EE-783C-46D3-8B04-BF4DDB3F7A22}.Release|x86.Build.0 = Release|Any CPU
		{DE7F7ED1-59E3-4FED-95C4-0949AE702105}.Debug|x86.ActiveCfg = Debug|Any CPU
		{DE7F7ED1-59E3-4FED-95C4-0949AE702105}.Debug|x86.Build.0 = Debug|Any CPU
		{DE7F7ED1-59E3-4FED-95C4-0949AE702105}.Release|x86.ActiveCfg = Release|Any CPU
		{DE7F7ED1-59E3-4FED-95C4-0949AE702105}.Release|x86.Build.0 = Release|Any CPU
	EndGlobalSection
	GlobalSection(MonoDevelopProperties) = preSolution
		StartupItem = Limbus.Mosquito\Limbus.Mosquito.csproj
		Policies = $0
		$0.DotNetNamingPolicy = $1
		$1.DirectoryNamespaceAssociation = None
		$1.ResourceNamePolicy = FileFormatDefault
		$0.TextStylePolicy = $2
		$2.FileWidth = 120
		$2.TabWidth = 2
		$2.IndentWidth = 2
		$2.inheritsSet = Mono
		$2.inheritsScope = text/plain
		$2.scope = text/x-csharp
		$0.CSharpFormattingPolicy = $3
		$3.BeforeMethodDeclarationParentheses = False
		$3.BeforeMethodCallParentheses = False
		$3.BeforeConstructorDeclarationParentheses = False
		$3.BeforeIndexerDeclarationBracket = False
		$3.BeforeDelegateDeclarationParentheses = False
		$3.AfterDelegateDeclarationParameterComma = True
		$3.NewParentheses = False
		$3.inheritsSet = Mono
		$3.inheritsScope = text/x-csharp
		$3.scope = text/x-csharp
	EndGlobalSection
EndGlobal
